
Microsoft Visual Studio Solution File, Format Version 12.00
# Visual Studio Version 17
VisualStudioVersion = 17.12.35521.163 d17.12
MinimumVisualStudioVersion = 10.0.40219.1
Project("{FAE04EC0-301F-11D3-BF4B-00C04F79EFBC}") = "Project1", "Project1\Project1.csproj", "{5932B4B1-025D-44F0-A9E7-2B6D498E6DAA}"
EndProject
Global
	GlobalSection(SolutionConfigurationPlatforms) = preSolution
		Debug|Any CPU = Debug|Any CPU
		Release|Any CPU = Release|Any CPU
	EndGlobalSection
	GlobalSection(ProjectConfigurationPlatforms) = postSolution
		{5932B4B1-025D-44F0-A9E7-2B6D498E6DAA}.Debug|Any CPU.ActiveCfg = Debug|Any CPU
		{5932B4B1-025D-44F0-A9E7-2B6D498E6DAA}.Debug|Any CPU.Build.0 = Debug|Any CPU
		{5932B4B1-025D-44F0-A9E7-2B6D498E6DAA}.Release|Any CPU.ActiveCfg = Release|Any CPU
		{5932B4B1-025D-44F0-A9E7-2B6D498E6DAA}.Release|Any CPU.Build.0 = Release|Any CPU
	EndGlobalSection
	GlobalSection(SolutionProperties) = preSolution
		HideSolutionNode = FALSE
	EndGlobalSection
EndGlobal
